
Microsoft Visual Studio Solution File, Format Version 12.00
# Visual Studio 15
Project("{FAE04EC0-301F-11D3-BF4B-00C04F79EFBC}") = "JsonSerailizerTest", "JsonSerailizerTest\JsonSerailizerTest.csproj", "{459FFB12-B455-45B2-9CAB-8F35ABA8F293}"
EndProject
Project("{FAE04EC0-301F-11D3-BF4B-00C04F79EFBC}") = "JsonSerializerTest.Data", "JsonSerializerTest.Data\JsonSerializerTest.Data.csproj", "{1A7435ED-0D1C-4800-873D-F964D01BE096}"
EndProject
Project("{FAE04EC0-301F-11D3-BF4B-00C04F79EFBC}") = "JsonSerializer.Biz", "JsonSerializer.Biz\JsonSerializer.Biz.csproj", "{79121A05-CA5F-4F2B-9AB2-2DD475822394}"
EndProject
Global
	GlobalSection(SolutionConfigurationPlatforms) = preSolution
		Debug|Any CPU = Debug|Any CPU
		Release|Any CPU = Release|Any CPU
	EndGlobalSection
	GlobalSection(ProjectConfigurationPlatforms) = postSolution
		{459FFB12-B455-45B2-9CAB-8F35ABA8F293}.Debug|Any CPU.ActiveCfg = Debug|Any CPU
		{459FFB12-B455-45B2-9CAB-8F35ABA8F293}.Debug|Any CPU.Build.0 = Debug|Any CPU
		{459FFB12-B455-45B2-9CAB-8F35ABA8F293}.Release|Any CPU.ActiveCfg = Release|Any CPU
		{459FFB12-B455-45B2-9CAB-8F35ABA8F293}.Release|Any CPU.Build.0 = Release|Any CPU
		{1A7435ED-0D1C-4800-873D-F964D01BE096}.Debug|Any CPU.ActiveCfg = Debug|Any CPU
		{1A7435ED-0D1C-4800-873D-F964D01BE096}.Debug|Any CPU.Build.0 = Debug|Any CPU
		{1A7435ED-0D1C-4800-873D-F964D01BE096}.Release|Any CPU.ActiveCfg = Release|Any CPU
		{1A7435ED-0D1C-4800-873D-F964D01BE096}.Release|Any CPU.Build.0 = Release|Any CPU
		{79121A05-CA5F-4F2B-9AB2-2DD475822394}.Debug|Any CPU.ActiveCfg = Debug|Any CPU
		{79121A05-CA5F-4F2B-9AB2-2DD475822394}.Debug|Any CPU.Build.0 = Debug|Any CPU
		{79121A05-CA5F-4F2B-9AB2-2DD475822394}.Release|Any CPU.ActiveCfg = Release|Any CPU
		{79121A05-CA5F-4F2B-9AB2-2DD475822394}.Release|Any CPU.Build.0 = Release|Any CPU
	EndGlobalSection
EndGlobal
